// !$*UTF8*$!
{
	archiveVersion = 1;
	classes = {
	};
	objectVersion = 50;
	objects = {

/* Begin PBXBuildFile section */
		6ED8C625A418141BAD8E1239 /* Pods_SegmentScrollView.framework in Frameworks */ = {isa = PBXBuildFile; fileRef = D810C492EC505C5192C76B76 /* Pods_SegmentScrollView.framework */; };
		941E128D230A3D6300940324 /* AppDelegate.m in Sources */ = {isa = PBXBuildFile; fileRef = 941E128C230A3D6300940324 /* AppDelegate.m */; };
		941E1290230A3D6300940324 /* ViewController.m in Sources */ = {isa = PBXBuildFile; fileRef = 941E128F230A3D6300940324 /* ViewController.m */; };
		941E1293230A3D6300940324 /* Main.storyboard in Resources */ = {isa = PBXBuildFile; fileRef = 941E1291230A3D6300940324 /* Main.storyboard */; };
		941E1295230A3D6400940324 /* Assets.xcassets in Resources */ = {isa = PBXBuildFile; fileRef = 941E1294230A3D6400940324 /* Assets.xcassets */; };
		941E1298230A3D6400940324 /* LaunchScreen.storyboard in Resources */ = {isa = PBXBuildFile; fileRef = 941E1296230A3D6400940324 /* LaunchScreen.storyboard */; };
		941E129B230A3D6400940324 /* main.m in Sources */ = {isa = PBXBuildFile; fileRef = 941E129A230A3D6400940324 /* main.m */; };
		941E12AA230A3F8900940324 /* FirstViewController.m in Sources */ = {isa = PBXBuildFile; fileRef = 941E12A8230A3F8900940324 /* FirstViewController.m */; };
		941E12AF230A3F9500940324 /* SecondViewController.m in Sources */ = {isa = PBXBuildFile; fileRef = 941E12AD230A3F9500940324 /* SecondViewController.m */; };
		941E12B4230A3FAB00940324 /* ThirdViewController.m in Sources */ = {isa = PBXBuildFile; fileRef = 941E12B2230A3FAB00940324 /* ThirdViewController.m */; };
		941E12B9230A41C900940324 /* TestSegPageViewController.m in Sources */ = {isa = PBXBuildFile; fileRef = 941E12B8230A41C900940324 /* TestSegPageViewController.m */; };
		941E12BD230A42AF00940324 /* SegmentPageViewController.m in Sources */ = {isa = PBXBuildFile; fileRef = 941E12BC230A42AF00940324 /* SegmentPageViewController.m */; };
		941E12CC230A790600940324 /* UIScrollView+SegmentPage.m in Sources */ = {isa = PBXBuildFile; fileRef = 941E12CB230A790600940324 /* UIScrollView+SegmentPage.m */; };
		941E12CF230B91DD00940324 /* ContainView.m in Sources */ = {isa = PBXBuildFile; fileRef = 941E12CE230B91DD00940324 /* ContainView.m */; };
		941E12D3230BD18900940324 /* UIViewController+SegmentPage.m in Sources */ = {isa = PBXBuildFile; fileRef = 941E12D2230BD18900940324 /* UIViewController+SegmentPage.m */; };
		941E12DA230BED2200940324 /* MenuView.m in Sources */ = {isa = PBXBuildFile; fileRef = 941E12D9230BED2200940324 /* MenuView.m */; };
		941E12DD230BED3400940324 /* MenuItemView.m in Sources */ = {isa = PBXBuildFile; fileRef = 941E12DC230BED3400940324 /* MenuItemView.m */; };
		94CD369423176D7D0067A812 /* TopView.m in Sources */ = {isa = PBXBuildFile; fileRef = 94CD369323176D7D0067A812 /* TopView.m */; };
		94CD36962318BE810067A812 /* ChildViewController.storyboard in Resources */ = {isa = PBXBuildFile; fileRef = 94CD36952318BE810067A812 /* ChildViewController.storyboard */; };
/* End PBXBuildFile section */

/* Begin PBXFileReference section */
		2CE89CE7F1FC6ADE72851C90 /* Pods-SegmentScrollView.release.xcconfig */ = {isa = PBXFileReference; includeInIndex = 1; lastKnownFileType = text.xcconfig; name = "Pods-SegmentScrollView.release.xcconfig"; path = "Pods/Target Support Files/Pods-SegmentScrollView/Pods-SegmentScrollView.release.xcconfig"; sourceTree = "<group>"; };
		710CD35B8196374914ADA513 /* Pods-SegmentScrollView.debug.xcconfig */ = {isa = PBXFileReference; includeInIndex = 1; lastKnownFileType = text.xcconfig; name = "Pods-SegmentScrollView.debug.xcconfig"; path = "Pods/Target Support Files/Pods-SegmentScrollView/Pods-SegmentScrollView.debug.xcconfig"; sourceTree = "<group>"; };
		941E1288230A3D6300940324 /* SegmentScrollView.app */ = {isa = PBXFileReference; explicitFileType = wrapper.application; includeInIndex = 0; path = SegmentScrollView.app; sourceTree = BUILT_PRODUCTS_DIR; };
		941E128B230A3D6300940324 /* AppDelegate.h */ = {isa = PBXFileReference; lastKnownFileType = sourcecode.c.h; path = AppDelegate.h; sourceTree = "<group>"; };
		941E128C230A3D6300940324 /* AppDelegate.m */ = {isa = PBXFileReference; lastKnownFileType = sourcecode.c.objc; path = AppDelegate.m; sourceTree = "<group>"; };
		941E128E230A3D6300940324 /* ViewController.h */ = {isa = PBXFileReference; lastKnownFileType = sourcecode.c.h; path = ViewController.h; sourceTree = "<group>"; };
		941E128F230A3D6300940324 /* ViewController.m */ = {isa = PBXFileReference; lastKnownFileType = sourcecode.c.objc; path = ViewController.m; sourceTree = "<group>"; };
		941E1292230A3D6300940324 /* Base */ = {isa = PBXFileReference; lastKnownFileType = file.storyboard; name = Base; path = Base.lproj/Main.storyboard; sourceTree = "<group>"; };
		941E1294230A3D6400940324 /* Assets.xcassets */ = {isa = PBXFileReference; lastKnownFileType = folder.assetcatalog; path = Assets.xcassets; sourceTree = "<group>"; };
		941E1297230A3D6400940324 /* Base */ = {isa = PBXFileReference; lastKnownFileType = file.storyboard; name = Base; path = Base.lproj/LaunchScreen.storyboard; sourceTree = "<group>"; };
		941E1299230A3D6400940324 /* Info.plist */ = {isa = PBXFileReference; lastKnownFileType = text.plist.xml; path = Info.plist; sourceTree = "<group>"; };
		941E129A230A3D6400940324 /* main.m */ = {isa = PBXFileReference; lastKnownFileType = sourcecode.c.objc; path = main.m; sourceTree = "<group>"; };
		941E12A7230A3F8900940324 /* FirstViewController.h */ = {isa = PBXFileReference; lastKnownFileType = sourcecode.c.h; path = FirstViewController.h; sourceTree = "<group>"; };
		941E12A8230A3F8900940324 /* FirstViewController.m */ = {isa = PBXFileReference; lastKnownFileType = sourcecode.c.objc; path = FirstViewController.m; sourceTree = "<group>"; };
		941E12AC230A3F9500940324 /* SecondViewController.h */ = {isa = PBXFileReference; lastKnownFileType = sourcecode.c.h; path = SecondViewController.h; sourceTree = "<group>"; };
		941E12AD230A3F9500940324 /* SecondViewController.m */ = {isa = PBXFileReference; lastKnownFileType = sourcecode.c.objc; path = SecondViewController.m; sourceTree = "<group>"; };
		941E12B1230A3FAB00940324 /* ThirdViewController.h */ = {isa = PBXFileReference; lastKnownFileType = sourcecode.c.h; path = ThirdViewController.h; sourceTree = "<group>"; };
		941E12B2230A3FAB00940324 /* ThirdViewController.m */ = {isa = PBXFileReference; lastKnownFileType = sourcecode.c.objc; path = ThirdViewController.m; sourceTree = "<group>"; };
		941E12B7230A41C900940324 /* TestSegPageViewController.h */ = {isa = PBXFileReference; lastKnownFileType = sourcecode.c.h; path = TestSegPageViewController.h; sourceTree = "<group>"; };
		941E12B8230A41C900940324 /* TestSegPageViewController.m */ = {isa = PBXFileReference; lastKnownFileType = sourcecode.c.objc; path = TestSegPageViewController.m; sourceTree = "<group>"; };
		941E12BB230A42AF00940324 /* SegmentPageViewController.h */ = {isa = PBXFileReference; lastKnownFileType = sourcecode.c.h; path = SegmentPageViewController.h; sourceTree = "<group>"; };
		941E12BC230A42AF00940324 /* SegmentPageViewController.m */ = {isa = PBXFileReference; lastKnownFileType = sourcecode.c.objc; path = SegmentPageViewController.m; sourceTree = "<group>"; };
		941E12CA230A790600940324 /* UIScrollView+SegmentPage.h */ = {isa = PBXFileReference; lastKnownFileType = sourcecode.c.h; path = "UIScrollView+SegmentPage.h"; sourceTree = "<group>"; };
		941E12CB230A790600940324 /* UIScrollView+SegmentPage.m */ = {isa = PBXFileReference; lastKnownFileType = sourcecode.c.objc; path = "UIScrollView+SegmentPage.m"; sourceTree = "<group>"; };
		941E12CD230B91DD00940324 /* ContainView.h */ = {isa = PBXFileReference; lastKnownFileType = sourcecode.c.h; path = ContainView.h; sourceTree = "<group>"; };
		941E12CE230B91DD00940324 /* ContainView.m */ = {isa = PBXFileReference; lastKnownFileType = sourcecode.c.objc; path = ContainView.m; sourceTree = "<group>"; };
		941E12D0230B982800940324 /* PrefixHeader.pch */ = {isa = PBXFileReference; lastKnownFileType = sourcecode.c.h; name = PrefixHeader.pch; path = SegmentScrollView/Resource/PrefixHeader.pch; sourceTree = SOURCE_ROOT; };
		941E12D1230BD18900940324 /* UIViewController+SegmentPage.h */ = {isa = PBXFileReference; lastKnownFileType = sourcecode.c.h; path = "UIViewController+SegmentPage.h"; sourceTree = "<group>"; };
		941E12D2230BD18900940324 /* UIViewController+SegmentPage.m */ = {isa = PBXFileReference; lastKnownFileType = sourcecode.c.objc; path = "UIViewController+SegmentPage.m"; sourceTree = "<group>"; };
		941E12D8230BED2200940324 /* MenuView.h */ = {isa = PBXFileReference; lastKnownFileType = sourcecode.c.h; path = MenuView.h; sourceTree = "<group>"; };
		941E12D9230BED2200940324 /* MenuView.m */ = {isa = PBXFileReference; lastKnownFileType = sourcecode.c.objc; path = MenuView.m; sourceTree = "<group>"; };
		941E12DB230BED3400940324 /* MenuItemView.h */ = {isa = PBXFileReference; lastKnownFileType = sourcecode.c.h; path = MenuItemView.h; sourceTree = "<group>"; };
		941E12DC230BED3400940324 /* MenuItemView.m */ = {isa = PBXFileReference; lastKnownFileType = sourcecode.c.objc; path = MenuItemView.m; sourceTree = "<group>"; };
		94CD369223176D7D0067A812 /* TopView.h */ = {isa = PBXFileReference; lastKnownFileType = sourcecode.c.h; path = TopView.h; sourceTree = "<group>"; };
		94CD369323176D7D0067A812 /* TopView.m */ = {isa = PBXFileReference; lastKnownFileType = sourcecode.c.objc; path = TopView.m; sourceTree = "<group>"; };
		94CD36952318BE810067A812 /* ChildViewController.storyboard */ = {isa = PBXFileReference; lastKnownFileType = file.storyboard; path = ChildViewController.storyboard; sourceTree = "<group>"; };
		D810C492EC505C5192C76B76 /* Pods_SegmentScrollView.framework */ = {isa = PBXFileReference; explicitFileType = wrapper.framework; includeInIndex = 0; path = Pods_SegmentScrollView.framework; sourceTree = BUILT_PRODUCTS_DIR; };
/* End PBXFileReference section */

/* Begin PBXFrameworksBuildPhase section */
		941E1285230A3D6300940324 /* Frameworks */ = {
			isa = PBXFrameworksBuildPhase;
			buildActionMask = 2147483647;
			files = (
				6ED8C625A418141BAD8E1239 /* Pods_SegmentScrollView.framework in Frameworks */,
			);
			runOnlyForDeploymentPostprocessing = 0;
		};
/* End PBXFrameworksBuildPhase section */

/* Begin PBXGroup section */
		277D4AA506D029507A8F52A1 /* Frameworks */ = {
			isa = PBXGroup;
			children = (
				D810C492EC505C5192C76B76 /* Pods_SegmentScrollView.framework */,
			);
			name = Frameworks;
			sourceTree = "<group>";
		};
		6EDDB2FB5071E19B9E70A4A3 /* Pods */ = {
			isa = PBXGroup;
			children = (
				710CD35B8196374914ADA513 /* Pods-SegmentScrollView.debug.xcconfig */,
				2CE89CE7F1FC6ADE72851C90 /* Pods-SegmentScrollView.release.xcconfig */,
			);
			name = Pods;
			sourceTree = "<group>";
		};
		941E127F230A3D6200940324 = {
			isa = PBXGroup;
			children = (
				941E128A230A3D6300940324 /* SegmentScrollView */,
				941E1289230A3D6300940324 /* Products */,
				6EDDB2FB5071E19B9E70A4A3 /* Pods */,
				277D4AA506D029507A8F52A1 /* Frameworks */,
			);
			sourceTree = "<group>";
		};
		941E1289230A3D6300940324 /* Products */ = {
			isa = PBXGroup;
			children = (
				941E1288230A3D6300940324 /* SegmentScrollView.app */,
			);
			name = Products;
			sourceTree = "<group>";
		};
		941E128A230A3D6300940324 /* SegmentScrollView */ = {
			isa = PBXGroup;
			children = (
				941E12A1230A3EA900940324 /* SegmentPageViewController */,
				941E128B230A3D6300940324 /* AppDelegate.h */,
				941E128C230A3D6300940324 /* AppDelegate.m */,
				941E128E230A3D6300940324 /* ViewController.h */,
				941E128F230A3D6300940324 /* ViewController.m */,
				941E12B6230A419A00940324 /* TestSegPageViewController */,
				941E12D7230BED0700940324 /* View */,
				941E12A6230A3F7300940324 /* ChildViewController */,
				941E12BE230A42F000940324 /* Resource */,
			);
			path = SegmentScrollView;
			sourceTree = "<group>";
		};
		941E12A1230A3EA900940324 /* SegmentPageViewController */ = {
			isa = PBXGroup;
			children = (
				941E12C6230A78C000940324 /* Category */,
				941E12BF230A431800940324 /* View */,
				941E12A2230A3EBD00940324 /* Controller */,
			);
			path = SegmentPageViewController;
			sourceTree = "<group>";
		};
		941E12A2230A3EBD00940324 /* Controller */ = {
			isa = PBXGroup;
			children = (
				941E12BB230A42AF00940324 /* SegmentPageViewController.h */,
				941E12BC230A42AF00940324 /* SegmentPageViewController.m */,
			);
			path = Controller;
			sourceTree = "<group>";
		};
		941E12A6230A3F7300940324 /* ChildViewController */ = {
			isa = PBXGroup;
			children = (
				941E12A7230A3F8900940324 /* FirstViewController.h */,
				941E12A8230A3F8900940324 /* FirstViewController.m */,
				941E12AC230A3F9500940324 /* SecondViewController.h */,
				941E12AD230A3F9500940324 /* SecondViewController.m */,
				941E12B1230A3FAB00940324 /* ThirdViewController.h */,
				941E12B2230A3FAB00940324 /* ThirdViewController.m */,
				94CD36952318BE810067A812 /* ChildViewController.storyboard */,
			);
			path = ChildViewController;
			sourceTree = "<group>";
		};
		941E12B6230A419A00940324 /* TestSegPageViewController */ = {
			isa = PBXGroup;
			children = (
				941E12B7230A41C900940324 /* TestSegPageViewController.h */,
				941E12B8230A41C900940324 /* TestSegPageViewController.m */,
			);
			path = TestSegPageViewController;
			sourceTree = "<group>";
		};
		941E12BE230A42F000940324 /* Resource */ = {
			isa = PBXGroup;
			children = (
				941E12D0230B982800940324 /* PrefixHeader.pch */,
				941E1291230A3D6300940324 /* Main.storyboard */,
				941E1294230A3D6400940324 /* Assets.xcassets */,
				941E1296230A3D6400940324 /* LaunchScreen.storyboard */,
				941E1299230A3D6400940324 /* Info.plist */,
				941E129A230A3D6400940324 /* main.m */,
			);
			path = Resource;
			sourceTree = "<group>";
		};
		941E12BF230A431800940324 /* View */ = {
			isa = PBXGroup;
			children = (
				941E12CD230B91DD00940324 /* ContainView.h */,
				941E12CE230B91DD00940324 /* ContainView.m */,
				94CD369223176D7D0067A812 /* TopView.h */,
				94CD369323176D7D0067A812 /* TopView.m */,
			);
			path = View;
			sourceTree = "<group>";
		};
		941E12C6230A78C000940324 /* Category */ = {
			isa = PBXGroup;
			children = (
				941E12CA230A790600940324 /* UIScrollView+SegmentPage.h */,
				941E12CB230A790600940324 /* UIScrollView+SegmentPage.m */,
				941E12D1230BD18900940324 /* UIViewController+SegmentPage.h */,
				941E12D2230BD18900940324 /* UIViewController+SegmentPage.m */,
			);
			path = Category;
			sourceTree = "<group>";
		};
		941E12D7230BED0700940324 /* View */ = {
			isa = PBXGroup;
			children = (
				941E12D8230BED2200940324 /* MenuView.h */,
				941E12D9230BED2200940324 /* MenuView.m */,
				941E12DB230BED3400940324 /* MenuItemView.h */,
				941E12DC230BED3400940324 /* MenuItemView.m */,
			);
			path = View;
			sourceTree = "<group>";
		};
/* End PBXGroup section */

/* Begin PBXNativeTarget section */
		941E1287230A3D6300940324 /* SegmentScrollView */ = {
			isa = PBXNativeTarget;
			buildConfigurationList = 941E129E230A3D6400940324 /* Build configuration list for PBXNativeTarget "SegmentScrollView" */;
			buildPhases = (
				53D752EF611BAE740D051F14 /* [CP] Check Pods Manifest.lock */,
				941E1284230A3D6300940324 /* Sources */,
				941E1285230A3D6300940324 /* Frameworks */,
				941E1286230A3D6300940324 /* Resources */,
				7FAEA5F841AED32215A96F6B /* [CP] Embed Pods Frameworks */,
			);
			buildRules = (
			);
			dependencies = (
			);
			name = SegmentScrollView;
			productName = SegmentScrollView;
			productReference = 941E1288230A3D6300940324 /* SegmentScrollView.app */;
			productType = "com.apple.product-type.application";
		};
/* End PBXNativeTarget section */

/* Begin PBXProject section */
		941E1280230A3D6200940324 /* Project object */ = {
			isa = PBXProject;
			attributes = {
				LastUpgradeCheck = 1030;
				ORGANIZATIONNAME = ShanYuQin;
				TargetAttributes = {
					941E1287230A3D6300940324 = {
						CreatedOnToolsVersion = 10.3;
					};
				};
			};
			buildConfigurationList = 941E1283230A3D6200940324 /* Build configuration list for PBXProject "SegmentScrollView" */;
			compatibilityVersion = "Xcode 9.3";
			developmentRegion = en;
			hasScannedForEncodings = 0;
			knownRegions = (
				en,
				Base,
			);
			mainGroup = 941E127F230A3D6200940324;
			productRefGroup = 941E1289230A3D6300940324 /* Products */;
			projectDirPath = "";
			projectRoot = "";
			targets = (
				941E1287230A3D6300940324 /* SegmentScrollView */,
			);
		};
/* End PBXProject section */

/* Begin PBXResourcesBuildPhase section */
		941E1286230A3D6300940324 /* Resources */ = {
			isa = PBXResourcesBuildPhase;
			buildActionMask = 2147483647;
			files = (
				941E1298230A3D6400940324 /* LaunchScreen.storyboard in Resources */,
				941E1295230A3D6400940324 /* Assets.xcassets in Resources */,
				941E1293230A3D6300940324 /* Main.storyboard in Resources */,
				94CD36962318BE810067A812 /* ChildViewController.storyboard in Resources */,
			);
			runOnlyForDeploymentPostprocessing = 0;
		};
/* End PBXResourcesBuildPhase section */

/* Begin PBXShellScriptBuildPhase section */
		53D752EF611BAE740D051F14 /* [CP] Check Pods Manifest.lock */ = {
			isa = PBXShellScriptBuildPhase;
			buildActionMask = 2147483647;
			files = (
			);
			inputPaths = (
				"${PODS_PODFILE_DIR_PATH}/Podfile.lock",
				"${PODS_ROOT}/Manifest.lock",
			);
			name = "[CP] Check Pods Manifest.lock";
			outputPaths = (
				"$(DERIVED_FILE_DIR)/Pods-SegmentScrollView-checkManifestLockResult.txt",
			);
			runOnlyForDeploymentPostprocessing = 0;
			shellPath = /bin/sh;
			shellScript = "diff \"${PODS_PODFILE_DIR_PATH}/Podfile.lock\" \"${PODS_ROOT}/Manifest.lock\" > /dev/null\nif [ $? != 0 ] ; then\n    # print error to STDERR\n    echo \"error: The sandbox is not in sync with the Podfile.lock. Run 'pod install' or update your CocoaPods installation.\" >&2\n    exit 1\nfi\n# This output is used by Xcode 'outputs' to avoid re-running this script phase.\necho \"SUCCESS\" > \"${SCRIPT_OUTPUT_FILE_0}\"\n";
			showEnvVarsInLog = 0;
		};
		7FAEA5F841AED32215A96F6B /* [CP] Embed Pods Frameworks */ = {
			isa = PBXShellScriptBuildPhase;
			buildActionMask = 2147483647;
			files = (
			);
			inputPaths = (
				"${SRCROOT}/Pods/Target Support Files/Pods-SegmentScrollView/Pods-SegmentScrollView-frameworks.sh",
				"${BUILT_PRODUCTS_DIR}/MJRefresh/MJRefresh.framework",
				"${BUILT_PRODUCTS_DIR}/Masonry/Masonry.framework",
			);
			name = "[CP] Embed Pods Frameworks";
			outputPaths = (
				"${TARGET_BUILD_DIR}/${FRAMEWORKS_FOLDER_PATH}/MJRefresh.framework",
				"${TARGET_BUILD_DIR}/${FRAMEWORKS_FOLDER_PATH}/Masonry.framework",
			);
			runOnlyForDeploymentPostprocessing = 0;
			shellPath = /bin/sh;
			shellScript = "\"${SRCROOT}/Pods/Target Support Files/Pods-SegmentScrollView/Pods-SegmentScrollView-frameworks.sh\"\n";
			showEnvVarsInLog = 0;
		};
/* End PBXShellScriptBuildPhase section */

/* Begin PBXSourcesBuildPhase section */
		941E1284230A3D6300940324 /* Sources */ = {
			isa = PBXSourcesBuildPhase;
			buildActionMask = 2147483647;
			files = (
				94CD369423176D7D0067A812 /* TopView.m in Sources */,
				941E12AF230A3F9500940324 /* SecondViewController.m in Sources */,
				941E1290230A3D6300940324 /* ViewController.m in Sources */,
				941E12CF230B91DD00940324 /* ContainView.m in Sources */,
				941E12AA230A3F8900940324 /* FirstViewController.m in Sources */,
				941E12D3230BD18900940324 /* UIViewController+SegmentPage.m in Sources */,
				941E129B230A3D6400940324 /* main.m in Sources */,
				941E12B9230A41C900940324 /* TestSegPageViewController.m in Sources */,
				941E12BD230A42AF00940324 /* SegmentPageViewController.m in Sources */,
				941E128D230A3D6300940324 /* AppDelegate.m in Sources */,
				941E12CC230A790600940324 /* UIScrollView+SegmentPage.m in Sources */,
				941E12B4230A3FAB00940324 /* ThirdViewController.m in Sources */,
				941E12DA230BED2200940324 /* MenuView.m in Sources */,
				941E12DD230BED3400940324 /* MenuItemView.m in Sources */,
			);
			runOnlyForDeploymentPostprocessing = 0;
		};
/* End PBXSourcesBuildPhase section */

/* Begin PBXVariantGroup section */
		941E1291230A3D6300940324 /* Main.storyboard */ = {
			isa = PBXVariantGroup;
			children = (
				941E1292230A3D6300940324 /* Base */,
			);
			name = Main.storyboard;
			sourceTree = "<group>";
		};
		941E1296230A3D6400940324 /* LaunchScreen.storyboard */ = {
			isa = PBXVariantGroup;
			children = (
				941E1297230A3D6400940324 /* Base */,
			);
			name = LaunchScreen.storyboard;
			sourceTree = "<group>";
		};
/* End PBXVariantGroup section */

/* Begin XCBuildConfiguration section */
		941E129C230A3D6400940324 /* Debug */ = {
			isa = XCBuildConfiguration;
			buildSettings = {
				ALWAYS_SEARCH_USER_PATHS = NO;
				CLANG_ANALYZER_NONNULL = YES;
				CLANG_ANALYZER_NUMBER_OBJECT_CONVERSION = YES_AGGRESSIVE;
				CLANG_CXX_LANGUAGE_STANDARD = "gnu++14";
				CLANG_CXX_LIBRARY = "libc++";
				CLANG_ENABLE_MODULES = YES;
				CLANG_ENABLE_OBJC_ARC = YES;
				CLANG_ENABLE_OBJC_WEAK = YES;
				CLANG_WARN_BLOCK_CAPTURE_AUTORELEASING = YES;
				CLANG_WARN_BOOL_CONVERSION = YES;
				CLANG_WARN_COMMA = YES;
				CLANG_WARN_CONSTANT_CONVERSION = YES;
				CLANG_WARN_DEPRECATED_OBJC_IMPLEMENTATIONS = YES;
				CLANG_WARN_DIRECT_OBJC_ISA_USAGE = YES_ERROR;
				CLANG_WARN_DOCUMENTATION_COMMENTS = YES;
				CLANG_WARN_EMPTY_BODY = YES;
				CLANG_WARN_ENUM_CONVERSION = YES;
				CLANG_WARN_INFINITE_RECURSION = YES;
				CLANG_WARN_INT_CONVERSION = YES;
				CLANG_WARN_NON_LITERAL_NULL_CONVERSION = YES;
				CLANG_WARN_OBJC_IMPLICIT_RETAIN_SELF = YES;
				CLANG_WARN_OBJC_LITERAL_CONVERSION = YES;
				CLANG_WARN_OBJC_ROOT_CLASS = YES_ERROR;
				CLANG_WARN_RANGE_LOOP_ANALYSIS = YES;
				CLANG_WARN_STRICT_PROTOTYPES = YES;
				CLANG_WARN_SUSPICIOUS_MOVE = YES;
				CLANG_WARN_UNGUARDED_AVAILABILITY = YES_AGGRESSIVE;
				CLANG_WARN_UNREACHABLE_CODE = YES;
				CLANG_WARN__DUPLICATE_METHOD_MATCH = YES;
				CODE_SIGN_IDENTITY = "iPhone Developer";
				COPY_PHASE_STRIP = NO;
				DEBUG_INFORMATION_FORMAT = dwarf;
				ENABLE_STRICT_OBJC_MSGSEND = YES;
				ENABLE_TESTABILITY = YES;
				GCC_C_LANGUAGE_STANDARD = gnu11;
				GCC_DYNAMIC_NO_PIC = NO;
				GCC_NO_COMMON_BLOCKS = YES;
				GCC_OPTIMIZATION_LEVEL = 0;
				GCC_PREPROCESSOR_DEFINITIONS = (
					"DEBUG=1",
					"$(inherited)",
				);
				GCC_WARN_64_TO_32_BIT_CONVERSION = YES;
				GCC_WARN_ABOUT_RETURN_TYPE = YES_ERROR;
				GCC_WARN_UNDECLARED_SELECTOR = YES;
				GCC_WARN_UNINITIALIZED_AUTOS = YES_AGGRESSIVE;
				GCC_WARN_UNUSED_FUNCTION = YES;
				GCC_WARN_UNUSED_VARIABLE = YES;
				IPHONEOS_DEPLOYMENT_TARGET = 12.4;
				MTL_ENABLE_DEBUG_INFO = INCLUDE_SOURCE;
				MTL_FAST_MATH = YES;
				ONLY_ACTIVE_ARCH = YES;
				SDKROOT = iphoneos;
			};
			name = Debug;
		};
		941E129D230A3D6400940324 /* Release */ = {
			isa = XCBuildConfiguration;
			buildSettings = {
				ALWAYS_SEARCH_USER_PATHS = NO;
				CLANG_ANALYZER_NONNULL = YES;
				CLANG_ANALYZER_NUMBER_OBJECT_CONVERSION = YES_AGGRESSIVE;
				CLANG_CXX_LANGUAGE_STANDARD = "gnu++14";
				CLANG_CXX_LIBRARY = "libc++";
				CLANG_ENABLE_MODULES = YES;
				CLANG_ENABLE_OBJC_ARC = YES;
				CLANG_ENABLE_OBJC_WEAK = YES;
				CLANG_WARN_BLOCK_CAPTURE_AUTORELEASING = YES;
				CLANG_WARN_BOOL_CONVERSION = YES;
				CLANG_WARN_COMMA = YES;
				CLANG_WARN_CONSTANT_CONVERSION = YES;
				CLANG_WARN_DEPRECATED_OBJC_IMPLEMENTATIONS = YES;
				CLANG_WARN_DIRECT_OBJC_ISA_USAGE = YES_ERROR;
				CLANG_WARN_DOCUMENTATION_COMMENTS = YES;
				CLANG_WARN_EMPTY_BODY = YES;
				CLANG_WARN_ENUM_CONVERSION = YES;
				CLANG_WARN_INFINITE_RECURSION = YES;
				CLANG_WARN_INT_CONVERSION = YES;
				CLANG_WARN_NON_LITERAL_NULL_CONVERSION = YES;
				CLANG_WARN_OBJC_IMPLICIT_RETAIN_SELF = YES;
				CLANG_WARN_OBJC_LITERAL_CONVERSION = YES;
				CLANG_WARN_OBJC_ROOT_CLASS = YES_ERROR;
				CLANG_WARN_RANGE_LOOP_ANALYSIS = YES;
				CLANG_WARN_STRICT_PROTOTYPES = YES;
				CLANG_WARN_SUSPICIOUS_MOVE = YES;
				CLANG_WARN_UNGUARDED_AVAILABILITY = YES_AGGRESSIVE;
				CLANG_WARN_UNREACHABLE_CODE = YES;
				CLANG_WARN__DUPLICATE_METHOD_MATCH = YES;
				CODE_SIGN_IDENTITY = "iPhone Developer";
				COPY_PHASE_STRIP = NO;
				DEBUG_INFORMATION_FORMAT = "dwarf-with-dsym";
				ENABLE_NS_ASSERTIONS = NO;
				ENABLE_STRICT_OBJC_MSGSEND = YES;
				GCC_C_LANGUAGE_STANDARD = gnu11;
				GCC_NO_COMMON_BLOCKS = YES;
				GCC_WARN_64_TO_32_BIT_CONVERSION = YES;
				GCC_WARN_ABOUT_RETURN_TYPE = YES_ERROR;
				GCC_WARN_UNDECLARED_SELECTOR = YES;
				GCC_WARN_UNINITIALIZED_AUTOS = YES_AGGRESSIVE;
				GCC_WARN_UNUSED_FUNCTION = YES;
				GCC_WARN_UNUSED_VARIABLE = YES;
				IPHONEOS_DEPLOYMENT_TARGET = 12.4;
				MTL_ENABLE_DEBUG_INFO = NO;
				MTL_FAST_MATH = YES;
				SDKROOT = iphoneos;
				VALIDATE_PRODUCT = YES;
			};
			name = Release;
		};
		941E129F230A3D6400940324 /* Debug */ = {
			isa = XCBuildConfiguration;
			baseConfigurationReference = 710CD35B8196374914ADA513 /* Pods-SegmentScrollView.debug.xcconfig */;
			buildSettings = {
				ASSETCATALOG_COMPILER_APPICON_NAME = AppIcon;
				CODE_SIGN_STYLE = Automatic;
				DEVELOPMENT_TEAM = 987562LZCJ;
				GCC_PREFIX_HEADER = "$(SRCROOT)/SegmentScrollView/Resource/PrefixHeader.pch";
				INFOPLIST_FILE = "$(SRCROOT)/SegmentScrollView/Resource/Info.plist";
				IPHONEOS_DEPLOYMENT_TARGET = 10.3;
				LD_RUNPATH_SEARCH_PATHS = (
					"$(inherited)",
					"@executable_path/Frameworks",
				);
				PRODUCT_BUNDLE_IDENTIFIER = com.shanyuqin.SegmentScrollView;
				PRODUCT_NAME = "$(TARGET_NAME)";
				TARGETED_DEVICE_FAMILY = "1,2";
			};
			name = Debug;
		};
		941E12A0230A3D6400940324 /* Release */ = {
			isa = XCBuildConfiguration;
			baseConfigurationReference = 2CE89CE7F1FC6ADE72851C90 /* Pods-SegmentScrollView.release.xcconfig */;
			buildSettings = {
				ASSETCATALOG_COMPILER_APPICON_NAME = AppIcon;
				CODE_SIGN_STYLE = Automatic;
				DEVELOPMENT_TEAM = 987562LZCJ;
				GCC_PREFIX_HEADER = "$(SRCROOT)/SegmentScrollView/Resource/PrefixHeader.pch";
				INFOPLIST_FILE = "$(SRCROOT)/SegmentScrollView/Resource/Info.plist";
				IPHONEOS_DEPLOYMENT_TARGET = 10.3;
				LD_RUNPATH_SEARCH_PATHS = (
					"$(inherited)",
					"@executable_path/Frameworks",
				);
				PRODUCT_BUNDLE_IDENTIFIER = com.shanyuqin.SegmentScrollView;
				PRODUCT_NAME = "$(TARGET_NAME)";
				TARGETED_DEVICE_FAMILY = "1,2";
			};
			name = Release;
		};
/* End XCBuildConfiguration section */

/* Begin XCConfigurationList section */
		941E1283230A3D6200940324 /* Build configuration list for PBXProject "SegmentScrollView" */ = {
			isa = XCConfigurationList;
			buildConfigurations = (
				941E129C230A3D6400940324 /* Debug */,
				941E129D230A3D6400940324 /* Release */,
			);
			defaultConfigurationIsVisible = 0;
			defaultConfigurationName = Release;
		};
		941E129E230A3D6400940324 /* Build configuration list for PBXNativeTarget "SegmentScrollView" */ = {
			isa = XCConfigurationList;
			buildConfigurations = (
				941E129F230A3D6400940324 /* Debug */,
				941E12A0230A3D6400940324 /* Release */,
			);
			defaultConfigurationIsVisible = 0;
			defaultConfigurationName = Release;
		};
/* End XCConfigurationList section */
	};
	rootObject = 941E1280230A3D6200940324 /* Project object */;
}
