// !$*UTF8*$!
{
	archiveVersion = 1;
	classes = {
	};
	objectVersion = 50;
	objects = {

/* Begin PBXBuildFile section */
		941E128D230A3D6300940324 /* AppDelegate.m in Sources */ = {isa = PBXBuildFile; fileRef = 941E128C230A3D6300940324 /* AppDelegate.m */; };
		941E1290230A3D6300940324 /* ViewController.m in Sources */ = {isa = PBXBuildFile; fileRef = 941E128F230A3D6300940324 /* ViewController.m */; };
		941E1293230A3D6300940324 /* Main.storyboard in Resources */ = {isa = PBXBuildFile; fileRef = 941E1291230A3D6300940324 /* Main.storyboard */; };
		941E1295230A3D6400940324 /* Assets.xcassets in Resources */ = {isa = PBXBuildFile; fileRef = 941E1294230A3D6400940324 /* Assets.xcassets */; };
		941E1298230A3D6400940324 /* LaunchScreen.storyboard in Resources */ = {isa = PBXBuildFile; fileRef = 941E1296230A3D6400940324 /* LaunchScreen.storyboard */; };
		941E129B230A3D6400940324 /* main.m in Sources */ = {isa = PBXBuildFile; fileRef = 941E129A230A3D6400940324 /* main.m */; };
/* End PBXBuildFile section */

/* Begin PBXFileReference section */
		941E1288230A3D6300940324 /* SegmentScrollView.app */ = {isa = PBXFileReference; explicitFileType = wrapper.application; includeInIndex = 0; path = SegmentScrollView.app; sourceTree = BUILT_PRODUCTS_DIR; };
		941E128B230A3D6300940324 /* AppDelegate.h */ = {isa = PBXFileReference; lastKnownFileType = sourcecode.c.h; path = AppDelegate.h; sourceTree = "<group>"; };
		941E128C230A3D6300940324 /* AppDelegate.m */ = {isa = PBXFileReference; lastKnownFileType = sourcecode.c.objc; path = AppDelegate.m; sourceTree = "<group>"; };
		941E128E230A3D6300940324 /* ViewController.h */ = {isa = PBXFileReference; lastKnownFileType = sourcecode.c.h; path = ViewController.h; sourceTree = "<group>"; };
		941E128F230A3D6300940324 /* ViewController.m */ = {isa = PBXFileReference; lastKnownFileType = sourcecode.c.objc; path = ViewController.m; sourceTree = "<group>"; };
		941E1292230A3D6300940324 /* Base */ = {isa = PBXFileReference; lastKnownFileType = file.storyboard; name = Base; path = Base.lproj/Main.storyboard; sourceTree = "<group>"; };
		941E1294230A3D6400940324 /* Assets.xcassets */ = {isa = PBXFileReference; lastKnownFileType = folder.assetcatalog; path = Assets.xcassets; sourceTree = "<group>"; };
		941E1297230A3D6400940324 /* Base */ = {isa = PBXFileReference; lastKnownFileType = file.storyboard; name = Base; path = Base.lproj/LaunchScreen.storyboard; sourceTree = "<group>"; };
		941E1299230A3D6400940324 /* Info.plist */ = {isa = PBXFileReference; lastKnownFileType = text.plist.xml; path = Info.plist; sourceTree = "<group>"; };
		941E129A230A3D6400940324 /* main.m */ = {isa = PBXFileReference; lastKnownFileType = sourcecode.c.objc; path = main.m; sourceTree = "<group>"; };
/* End PBXFileReference section */

/* Begin PBXFrameworksBuildPhase section */
		941E1285230A3D6300940324 /* Frameworks */ = {
			isa = PBXFrameworksBuildPhase;
			buildActionMask = 2147483647;
			files = (
			);
			runOnlyForDeploymentPostprocessing = 0;
		};
/* End PBXFrameworksBuildPhase section */

/* Begin PBXGroup section */
		941E127F230A3D6200940324 = {
			isa = PBXGroup;
			children = (
				941E128A230A3D6300940324 /* SegmentScrollView */,
				941E1289230A3D6300940324 /* Products */,
			);
			sourceTree = "<group>";
		};
		941E1289230A3D6300940324 /* Products */ = {
			isa = PBXGroup;
			children = (
				941E1288230A3D6300940324 /* SegmentScrollView.app */,
			);
			name = Products;
			sourceTree = "<group>";
		};
		941E128A230A3D6300940324 /* SegmentScrollView */ = {
			isa = PBXGroup;
			children = (
				941E128B230A3D6300940324 /* AppDelegate.h */,
				941E128C230A3D6300940324 /* AppDelegate.m */,
				941E128E230A3D6300940324 /* ViewController.h */,
				941E128F230A3D6300940324 /* ViewController.m */,
				941E1291230A3D6300940324 /* Main.storyboard */,
				941E1294230A3D6400940324 /* Assets.xcassets */,
				941E1296230A3D6400940324 /* LaunchScreen.storyboard */,
				941E1299230A3D6400940324 /* Info.plist */,
				941E129A230A3D6400940324 /* main.m */,
			);
			path = SegmentScrollView;
			sourceTree = "<group>";
		};
/* End PBXGroup section */

/* Begin PBXNativeTarget section */
		941E1287230A3D6300940324 /* SegmentScrollView */ = {
			isa = PBXNativeTarget;
			buildConfigurationList = 941E129E230A3D6400940324 /* Build configuration list for PBXNativeTarget "SegmentScrollView" */;
			buildPhases = (
				941E1284230A3D6300940324 /* Sources */,
				941E1285230A3D6300940324 /* Frameworks */,
				941E1286230A3D6300940324 /* Resources */,
			);
			buildRules = (
			);
			dependencies = (
			);
			name = SegmentScrollView;
			productName = SegmentScrollView;
			productReference = 941E1288230A3D6300940324 /* SegmentScrollView.app */;
			productType = "com.apple.product-type.application";
		};
/* End PBXNativeTarget section */

/* Begin PBXProject section */
		941E1280230A3D6200940324 /* Project object */ = {
			isa = PBXProject;
			attributes = {
				LastUpgradeCheck = 1030;
				ORGANIZATIONNAME = ShanYuQin;
				TargetAttributes = {
					941E1287230A3D6300940324 = {
						CreatedOnToolsVersion = 10.3;
					};
				};
			};
			buildConfigurationList = 941E1283230A3D6200940324 /* Build configuration list for PBXProject "SegmentScrollView" */;
			compatibilityVersion = "Xcode 9.3";
			developmentRegion = en;
			hasScannedForEncodings = 0;
			knownRegions = (
				en,
				Base,
			);
			mainGroup = 941E127F230A3D6200940324;
			productRefGroup = 941E1289230A3D6300940324 /* Products */;
			projectDirPath = "";
			projectRoot = "";
			targets = (
				941E1287230A3D6300940324 /* SegmentScrollView */,
			);
		};
/* End PBXProject section */

/* Begin PBXResourcesBuildPhase section */
		941E1286230A3D6300940324 /* Resources */ = {
			isa = PBXResourcesBuildPhase;
			buildActionMask = 2147483647;
			files = (
				941E1298230A3D6400940324 /* LaunchScreen.storyboard in Resources */,
				941E1295230A3D6400940324 /* Assets.xcassets in Resources */,
				941E1293230A3D6300940324 /* Main.storyboard in Resources */,
			);
			runOnlyForDeploymentPostprocessing = 0;
		};
/* End PBXResourcesBuildPhase section */

/* Begin PBXSourcesBuildPhase section */
		941E1284230A3D6300940324 /* Sources */ = {
			isa = PBXSourcesBuildPhase;
			buildActionMask = 2147483647;
			files = (
				941E1290230A3D6300940324 /* ViewController.m in Sources */,
				941E129B230A3D6400940324 /* main.m in Sources */,
				941E128D230A3D6300940324 /* AppDelegate.m in Sources */,
			);
			runOnlyForDeploymentPostprocessing = 0;
		};
/* End PBXSourcesBuildPhase section */

/* Begin PBXVariantGroup section */
		941E1291230A3D6300940324 /* Main.storyboard */ = {
			isa = PBXVariantGroup;
			children = (
				941E1292230A3D6300940324 /* Base */,
			);
			name = Main.storyboard;
			sourceTree = "<group>";
		};
		941E1296230A3D6400940324 /* LaunchScreen.storyboard */ = {
			isa = PBXVariantGroup;
			children = (
				941E1297230A3D6400940324 /* Base */,
			);
			name = LaunchScreen.storyboard;
			sourceTree = "<group>";
		};
/* End PBXVariantGroup section */

/* Begin XCBuildConfiguration section */
		941E129C230A3D6400940324 /* Debug */ = {
			isa = XCBuildConfiguration;
			buildSettings = {
				ALWAYS_SEARCH_USER_PATHS = NO;
				CLANG_ANALYZER_NONNULL = YES;
				CLANG_ANALYZER_NUMBER_OBJECT_CONVERSION = YES_AGGRESSIVE;
				CLANG_CXX_LANGUAGE_STANDARD = "gnu++14";
				CLANG_CXX_LIBRARY = "libc++";
				CLANG_ENABLE_MODULES = YES;
				CLANG_ENABLE_OBJC_ARC = YES;
				CLANG_ENABLE_OBJC_WEAK = YES;
				CLANG_WARN_BLOCK_CAPTURE_AUTORELEASING = YES;
				CLANG_WARN_BOOL_CONVERSION = YES;
				CLANG_WARN_COMMA = YES;
				CLANG_WARN_CONSTANT_CONVERSION = YES;
				CLANG_WARN_DEPRECATED_OBJC_IMPLEMENTATIONS = YES;
				CLANG_WARN_DIRECT_OBJC_ISA_USAGE = YES_ERROR;
				CLANG_WARN_DOCUMENTATION_COMMENTS = YES;
				CLANG_WARN_EMPTY_BODY = YES;
				CLANG_WARN_ENUM_CONVERSION = YES;
				CLANG_WARN_INFINITE_RECURSION = YES;
				CLANG_WARN_INT_CONVERSION = YES;
				CLANG_WARN_NON_LITERAL_NULL_CONVERSION = YES;
				CLANG_WARN_OBJC_IMPLICIT_RETAIN_SELF = YES;
				CLANG_WARN_OBJC_LITERAL_CONVERSION = YES;
				CLANG_WARN_OBJC_ROOT_CLASS = YES_ERROR;
				CLANG_WARN_RANGE_LOOP_ANALYSIS = YES;
				CLANG_WARN_STRICT_PROTOTYPES = YES;
				CLANG_WARN_SUSPICIOUS_MOVE = YES;
				CLANG_WARN_UNGUARDED_AVAILABILITY = YES_AGGRESSIVE;
				CLANG_WARN_UNREACHABLE_CODE = YES;
				CLANG_WARN__DUPLICATE_METHOD_MATCH = YES;
				CODE_SIGN_IDENTITY = "iPhone Developer";
				COPY_PHASE_STRIP = NO;
				DEBUG_INFORMATION_FORMAT = dwarf;
				ENABLE_STRICT_OBJC_MSGSEND = YES;
				ENABLE_TESTABILITY = YES;
				GCC_C_LANGUAGE_STANDARD = gnu11;
				GCC_DYNAMIC_NO_PIC = NO;
				GCC_NO_COMMON_BLOCKS = YES;
				GCC_OPTIMIZATION_LEVEL = 0;
				GCC_PREPROCESSOR_DEFINITIONS = (
					"DEBUG=1",
					"$(inherited)",
				);
				GCC_WARN_64_TO_32_BIT_CONVERSION = YES;
				GCC_WARN_ABOUT_RETURN_TYPE = YES_ERROR;
				GCC_WARN_UNDECLARED_SELECTOR = YES;
				GCC_WARN_UNINITIALIZED_AUTOS = YES_AGGRESSIVE;
				GCC_WARN_UNUSED_FUNCTION = YES;
				GCC_WARN_UNUSED_VARIABLE = YES;
				IPHONEOS_DEPLOYMENT_TARGET = 12.4;
				MTL_ENABLE_DEBUG_INFO = INCLUDE_SOURCE;
				MTL_FAST_MATH = YES;
				ONLY_ACTIVE_ARCH = YES;
				SDKROOT = iphoneos;
			};
			name = Debug;
		};
		941E129D230A3D6400940324 /* Release */ = {
			isa = XCBuildConfiguration;
			buildSettings = {
				ALWAYS_SEARCH_USER_PATHS = NO;
				CLANG_ANALYZER_NONNULL = YES;
				CLANG_ANALYZER_NUMBER_OBJECT_CONVERSION = YES_AGGRESSIVE;
				CLANG_CXX_LANGUAGE_STANDARD = "gnu++14";
				CLANG_CXX_LIBRARY = "libc++";
				CLANG_ENABLE_MODULES = YES;
				CLANG_ENABLE_OBJC_ARC = YES;
				CLANG_ENABLE_OBJC_WEAK = YES;
				CLANG_WARN_BLOCK_CAPTURE_AUTORELEASING = YES;
				CLANG_WARN_BOOL_CONVERSION = YES;
				CLANG_WARN_COMMA = YES;
				CLANG_WARN_CONSTANT_CONVERSION = YES;
				CLANG_WARN_DEPRECATED_OBJC_IMPLEMENTATIONS = YES;
				CLANG_WARN_DIRECT_OBJC_ISA_USAGE = YES_ERROR;
				CLANG_WARN_DOCUMENTATION_COMMENTS = YES;
				CLANG_WARN_EMPTY_BODY = YES;
				CLANG_WARN_ENUM_CONVERSION = YES;
				CLANG_WARN_INFINITE_RECURSION = YES;
				CLANG_WARN_INT_CONVERSION = YES;
				CLANG_WARN_NON_LITERAL_NULL_CONVERSION = YES;
				CLANG_WARN_OBJC_IMPLICIT_RETAIN_SELF = YES;
				CLANG_WARN_OBJC_LITERAL_CONVERSION = YES;
				CLANG_WARN_OBJC_ROOT_CLASS = YES_ERROR;
				CLANG_WARN_RANGE_LOOP_ANALYSIS = YES;
				CLANG_WARN_STRICT_PROTOTYPES = YES;
				CLANG_WARN_SUSPICIOUS_MOVE = YES;
				CLANG_WARN_UNGUARDED_AVAILABILITY = YES_AGGRESSIVE;
				CLANG_WARN_UNREACHABLE_CODE = YES;
				CLANG_WARN__DUPLICATE_METHOD_MATCH = YES;
				CODE_SIGN_IDENTITY = "iPhone Developer";
				COPY_PHASE_STRIP = NO;
				DEBUG_INFORMATION_FORMAT = "dwarf-with-dsym";
				ENABLE_NS_ASSERTIONS = NO;
				ENABLE_STRICT_OBJC_MSGSEND = YES;
				GCC_C_LANGUAGE_STANDARD = gnu11;
				GCC_NO_COMMON_BLOCKS = YES;
				GCC_WARN_64_TO_32_BIT_CONVERSION = YES;
				GCC_WARN_ABOUT_RETURN_TYPE = YES_ERROR;
				GCC_WARN_UNDECLARED_SELECTOR = YES;
				GCC_WARN_UNINITIALIZED_AUTOS = YES_AGGRESSIVE;
				GCC_WARN_UNUSED_FUNCTION = YES;
				GCC_WARN_UNUSED_VARIABLE = YES;
				IPHONEOS_DEPLOYMENT_TARGET = 12.4;
				MTL_ENABLE_DEBUG_INFO = NO;
				MTL_FAST_MATH = YES;
				SDKROOT = iphoneos;
				VALIDATE_PRODUCT = YES;
			};
			name = Release;
		};
		941E129F230A3D6400940324 /* Debug */ = {
			isa = XCBuildConfiguration;
			buildSettings = {
				ASSETCATALOG_COMPILER_APPICON_NAME = AppIcon;
				CODE_SIGN_STYLE = Automatic;
				DEVELOPMENT_TEAM = 987562LZCJ;
				INFOPLIST_FILE = SegmentScrollView/Info.plist;
				LD_RUNPATH_SEARCH_PATHS = (
					"$(inherited)",
					"@executable_path/Frameworks",
				);
				PRODUCT_BUNDLE_IDENTIFIER = com.shanyuqin.SegmentScrollView;
				PRODUCT_NAME = "$(TARGET_NAME)";
				TARGETED_DEVICE_FAMILY = "1,2";
			};
			name = Debug;
		};
		941E12A0230A3D6400940324 /* Release */ = {
			isa = XCBuildConfiguration;
			buildSettings = {
				ASSETCATALOG_COMPILER_APPICON_NAME = AppIcon;
				CODE_SIGN_STYLE = Automatic;
				DEVELOPMENT_TEAM = 987562LZCJ;
				INFOPLIST_FILE = SegmentScrollView/Info.plist;
				LD_RUNPATH_SEARCH_PATHS = (
					"$(inherited)",
					"@executable_path/Frameworks",
				);
				PRODUCT_BUNDLE_IDENTIFIER = com.shanyuqin.SegmentScrollView;
				PRODUCT_NAME = "$(TARGET_NAME)";
				TARGETED_DEVICE_FAMILY = "1,2";
			};
			name = Release;
		};
/* End XCBuildConfiguration section */

/* Begin XCConfigurationList section */
		941E1283230A3D6200940324 /* Build configuration list for PBXProject "SegmentScrollView" */ = {
			isa = XCConfigurationList;
			buildConfigurations = (
				941E129C230A3D6400940324 /* Debug */,
				941E129D230A3D6400940324 /* Release */,
			);
			defaultConfigurationIsVisible = 0;
			defaultConfigurationName = Release;
		};
		941E129E230A3D6400940324 /* Build configuration list for PBXNativeTarget "SegmentScrollView" */ = {
			isa = XCConfigurationList;
			buildConfigurations = (
				941E129F230A3D6400940324 /* Debug */,
				941E12A0230A3D6400940324 /* Release */,
			);
			defaultConfigurationIsVisible = 0;
			defaultConfigurationName = Release;
		};
/* End XCConfigurationList section */
	};
	rootObject = 941E1280230A3D6200940324 /* Project object */;
}
